
Microsoft Visual Studio Solution File, Format Version 11.00
# Visual Studio 2010
Project("{CC5FD16D-436D-48AD-A40C-5A424C6E3E79}") = "AzureExpenseDemo", "AzureExpenseDemo\AzureExpenseDemo.ccproj", "{48E0E75A-68E8-46D1-BF92-F0C2111BE9C8}"
EndProject
Project("{FAE04EC0-301F-11D3-BF4B-00C04F79EFBC}") = "AADExpenseDemo", "AADEXpenseDemo\AADExpenseDemo.csproj", "{9F014EB0-E3F7-4FF2-8927-7707FEED78EF}"
EndProject
Project("{2150E333-8FDC-42A3-9474-1A3956D46DE8}") = ".nuget", ".nuget", "{FFE3CF96-7AD5-4D08-A46A-9886CB820C04}"
	ProjectSection(SolutionItems) = preProject
		.nuget\NuGet.Config = .nuget\NuGet.Config
		.nuget\NuGet.exe = .nuget\NuGet.exe
		.nuget\NuGet.targets = .nuget\NuGet.targets
	EndProjectSection
EndProject
Global
	GlobalSection(SolutionConfigurationPlatforms) = preSolution
		Debug|Any CPU = Debug|Any CPU
		Release|Any CPU = Release|Any CPU
	EndGlobalSection
	GlobalSection(ProjectConfigurationPlatforms) = postSolution
		{48E0E75A-68E8-46D1-BF92-F0C2111BE9C8}.Debug|Any CPU.ActiveCfg = Debug|Any CPU
		{48E0E75A-68E8-46D1-BF92-F0C2111BE9C8}.Debug|Any CPU.Build.0 = Debug|Any CPU
		{48E0E75A-68E8-46D1-BF92-F0C2111BE9C8}.Release|Any CPU.ActiveCfg = Release|Any CPU
		{48E0E75A-68E8-46D1-BF92-F0C2111BE9C8}.Release|Any CPU.Build.0 = Release|Any CPU
		{9F014EB0-E3F7-4FF2-8927-7707FEED78EF}.Debug|Any CPU.ActiveCfg = Debug|Any CPU
		{9F014EB0-E3F7-4FF2-8927-7707FEED78EF}.Debug|Any CPU.Build.0 = Debug|Any CPU
		{9F014EB0-E3F7-4FF2-8927-7707FEED78EF}.Release|Any CPU.ActiveCfg = Release|Any CPU
		{9F014EB0-E3F7-4FF2-8927-7707FEED78EF}.Release|Any CPU.Build.0 = Release|Any CPU
	EndGlobalSection
	GlobalSection(SolutionProperties) = preSolution
		HideSolutionNode = FALSE
	EndGlobalSection
EndGlobal
