
Microsoft Visual Studio Solution File, Format Version 11.00
# Visual Studio 2010
Project("{FAE04EC0-301F-11D3-BF4B-00C04F79EFBC}") = "Microsoft.Samples.Waad.PS", "Microsoft.Samples.Waad.PS\Microsoft.Samples.Waad.PS.csproj", "{86F6679C-7D26-4E36-BB85-C42FA25F30CA}"
EndProject
Global
	GlobalSection(SolutionConfigurationPlatforms) = preSolution
		Debug|Any CPU = Debug|Any CPU
		Release|Any CPU = Release|Any CPU
	EndGlobalSection
	GlobalSection(ProjectConfigurationPlatforms) = postSolution
		{86F6679C-7D26-4E36-BB85-C42FA25F30CA}.Debug|Any CPU.ActiveCfg = Debug|Any CPU
		{86F6679C-7D26-4E36-BB85-C42FA25F30CA}.Debug|Any CPU.Build.0 = Debug|Any CPU
		{86F6679C-7D26-4E36-BB85-C42FA25F30CA}.Release|Any CPU.ActiveCfg = Release|Any CPU
		{86F6679C-7D26-4E36-BB85-C42FA25F30CA}.Release|Any CPU.Build.0 = Release|Any CPU
	EndGlobalSection
	GlobalSection(SolutionProperties) = preSolution
		HideSolutionNode = FALSE
	EndGlobalSection
EndGlobal
